
Microsoft Visual Studio Solution File, Format Version 12.00
# Visual Studio Version 17
VisualStudioVersion = 17.2.32616.157
MinimumVisualStudioVersion = 10.0.40219.1
Project("{FAE04EC0-301F-11D3-BF4B-00C04F79EFBC}") = "ATMUygulamasi", "ATMUygulamasi.csproj", "{9D497782-1AC1-484D-B5C1-6C7776D34EA1}"
EndProject
Global
	GlobalSection(SolutionConfigurationPlatforms) = preSolution
		Debug|Any CPU = Debug|Any CPU
		Release|Any CPU = Release|Any CPU
	EndGlobalSection
	GlobalSection(ProjectConfigurationPlatforms) = postSolution
		{9D497782-1AC1-484D-B5C1-6C7776D34EA1}.Debug|Any CPU.ActiveCfg = Debug|Any CPU
		{9D497782-1AC1-484D-B5C1-6C7776D34EA1}.Debug|Any CPU.Build.0 = Debug|Any CPU
		{9D497782-1AC1-484D-B5C1-6C7776D34EA1}.Release|Any CPU.ActiveCfg = Release|Any CPU
		{9D497782-1AC1-484D-B5C1-6C7776D34EA1}.Release|Any CPU.Build.0 = Release|Any CPU
	EndGlobalSection
	GlobalSection(SolutionProperties) = preSolution
		HideSolutionNode = FALSE
	EndGlobalSection
	GlobalSection(ExtensibilityGlobals) = postSolution
		SolutionGuid = {B68E4FE9-38D5-4F07-9D1E-BDBE157AFFBC}
	EndGlobalSection
EndGlobal
